
Microsoft Visual Studio Solution File, Format Version 12.00
# Visual Studio Version 17
VisualStudioVersion = 17.5.002.0
MinimumVisualStudioVersion = 10.0.40219.1
Project("{9A19103F-16F7-4668-BE54-9A1E7A4F7556}") = "StringManipulationSynthesizer", "StringManipulationSynthesizer.csproj", "{A164CE35-0586-4F40-941C-DB7ABCA07F94}"
EndProject
Global
	GlobalSection(SolutionConfigurationPlatforms) = preSolution
		Debug|Any CPU = Debug|Any CPU
		Release|Any CPU = Release|Any CPU
	EndGlobalSection
	GlobalSection(ProjectConfigurationPlatforms) = postSolution
		{A164CE35-0586-4F40-941C-DB7ABCA07F94}.Debug|Any CPU.ActiveCfg = Debug|Any CPU
		{A164CE35-0586-4F40-941C-DB7ABCA07F94}.Debug|Any CPU.Build.0 = Debug|Any CPU
		{A164CE35-0586-4F40-941C-DB7ABCA07F94}.Release|Any CPU.ActiveCfg = Release|Any CPU
		{A164CE35-0586-4F40-941C-DB7ABCA07F94}.Release|Any CPU.Build.0 = Release|Any CPU
	EndGlobalSection
	GlobalSection(SolutionProperties) = preSolution
		HideSolutionNode = FALSE
	EndGlobalSection
	GlobalSection(ExtensibilityGlobals) = postSolution
		SolutionGuid = {6A7C2188-6EFB-413D-97F8-F338CA294D01}
	EndGlobalSection
EndGlobal
